
Microsoft Visual Studio Solution File, Format Version 12.00
# Visual Studio Version 17
VisualStudioVersion = 17.8.34309.116
MinimumVisualStudioVersion = 10.0.40219.1
Project("{FAE04EC0-301F-11D3-BF4B-00C04F79EFBC}") = "VSBlazor", "VSBlazor\VSBlazor.csproj", "{BBEC22B5-E35E-45E5-9FBB-EF049A7413FB}"
EndProject
Project("{FAE04EC0-301F-11D3-BF4B-00C04F79EFBC}") = "VSBlazor.Client", "VSBlazor.Client\VSBlazor.Client.csproj", "{80B3B140-641C-4CD3-B0F3-4D158A92A0C0}"
EndProject
Global
	GlobalSection(SolutionConfigurationPlatforms) = preSolution
		Debug|Any CPU = Debug|Any CPU
		Release|Any CPU = Release|Any CPU
	EndGlobalSection
	GlobalSection(ProjectConfigurationPlatforms) = postSolution
		{BBEC22B5-E35E-45E5-9FBB-EF049A7413FB}.Debug|Any CPU.ActiveCfg = Debug|Any CPU
		{BBEC22B5-E35E-45E5-9FBB-EF049A7413FB}.Debug|Any CPU.Build.0 = Debug|Any CPU
		{BBEC22B5-E35E-45E5-9FBB-EF049A7413FB}.Release|Any CPU.ActiveCfg = Release|Any CPU
		{BBEC22B5-E35E-45E5-9FBB-EF049A7413FB}.Release|Any CPU.Build.0 = Release|Any CPU
		{80B3B140-641C-4CD3-B0F3-4D158A92A0C0}.Debug|Any CPU.ActiveCfg = Debug|Any CPU
		{80B3B140-641C-4CD3-B0F3-4D158A92A0C0}.Debug|Any CPU.Build.0 = Debug|Any CPU
		{80B3B140-641C-4CD3-B0F3-4D158A92A0C0}.Release|Any CPU.ActiveCfg = Release|Any CPU
		{80B3B140-641C-4CD3-B0F3-4D158A92A0C0}.Release|Any CPU.Build.0 = Release|Any CPU
	EndGlobalSection
	GlobalSection(SolutionProperties) = preSolution
		HideSolutionNode = FALSE
	EndGlobalSection
	GlobalSection(ExtensibilityGlobals) = postSolution
		SolutionGuid = {8D1E06FC-0DC2-4063-8B14-EEA4CC39FD6F}
	EndGlobalSection
EndGlobal
